
Microsoft Visual Studio Solution File, Format Version 12.00
# Visual Studio Version 17
VisualStudioVersion = 17.5.33530.505
MinimumVisualStudioVersion = 10.0.40219.1
Project("{9A19103F-16F7-4668-BE54-9A1E7A4F7556}") = "NZWalks.API", "NZWalks.API\NZWalks.API.csproj", "{445DBC4F-C834-40DD-A6E0-EA965B665E3D}"
EndProject
Project("{FAE04EC0-301F-11D3-BF4B-00C04F79EFBC}") = "NZWalks.UI", "NZWalks.UI\NZWalks.UI.csproj", "{AE133608-38A9-42C5-91B1-B1AB5047FC6C}"
EndProject
Global
	GlobalSection(SolutionConfigurationPlatforms) = preSolution
		Debug|Any CPU = Debug|Any CPU
		Release|Any CPU = Release|Any CPU
	EndGlobalSection
	GlobalSection(ProjectConfigurationPlatforms) = postSolution
		{445DBC4F-C834-40DD-A6E0-EA965B665E3D}.Debug|Any CPU.ActiveCfg = Debug|Any CPU
		{445DBC4F-C834-40DD-A6E0-EA965B665E3D}.Debug|Any CPU.Build.0 = Debug|Any CPU
		{445DBC4F-C834-40DD-A6E0-EA965B665E3D}.Release|Any CPU.ActiveCfg = Release|Any CPU
		{445DBC4F-C834-40DD-A6E0-EA965B665E3D}.Release|Any CPU.Build.0 = Release|Any CPU
		{AE133608-38A9-42C5-91B1-B1AB5047FC6C}.Debug|Any CPU.ActiveCfg = Debug|Any CPU
		{AE133608-38A9-42C5-91B1-B1AB5047FC6C}.Debug|Any CPU.Build.0 = Debug|Any CPU
		{AE133608-38A9-42C5-91B1-B1AB5047FC6C}.Release|Any CPU.ActiveCfg = Release|Any CPU
		{AE133608-38A9-42C5-91B1-B1AB5047FC6C}.Release|Any CPU.Build.0 = Release|Any CPU
	EndGlobalSection
	GlobalSection(SolutionProperties) = preSolution
		HideSolutionNode = FALSE
	EndGlobalSection
	GlobalSection(ExtensibilityGlobals) = postSolution
		SolutionGuid = {55394D8B-A531-466A-B97C-FA2F41920727}
	EndGlobalSection
EndGlobal
